
Microsoft Visual Studio Solution File, Format Version 12.00
# Visual Studio Version 17
VisualStudioVersion = 17.0.32014.148
MinimumVisualStudioVersion = 10.0.40219.1
Project("{FAE04EC0-301F-11D3-BF4B-00C04F79EFBC}") = "StudentManagement", "StudentManagement\StudentManagement.csproj", "{A1E585A0-9DA9-4BF0-9A7F-6C107DFB792F}"
EndProject
Global
	GlobalSection(SolutionConfigurationPlatforms) = preSolution
		Debug|Any CPU = Debug|Any CPU
		Release|Any CPU = Release|Any CPU
	EndGlobalSection
	GlobalSection(ProjectConfigurationPlatforms) = postSolution
		{A1E585A0-9DA9-4BF0-9A7F-6C107DFB792F}.Debug|Any CPU.ActiveCfg = Debug|Any CPU
		{A1E585A0-9DA9-4BF0-9A7F-6C107DFB792F}.Debug|Any CPU.Build.0 = Debug|Any CPU
		{A1E585A0-9DA9-4BF0-9A7F-6C107DFB792F}.Release|Any CPU.ActiveCfg = Release|Any CPU
		{A1E585A0-9DA9-4BF0-9A7F-6C107DFB792F}.Release|Any CPU.Build.0 = Release|Any CPU
	EndGlobalSection
	GlobalSection(SolutionProperties) = preSolution
		HideSolutionNode = FALSE
	EndGlobalSection
	GlobalSection(ExtensibilityGlobals) = postSolution
		SolutionGuid = {DF76285D-14AD-4A1E-85A6-666F27997CCF}
	EndGlobalSection
EndGlobal
